
Microsoft Visual Studio Solution File, Format Version 12.00
# Visual Studio 15
VisualStudioVersion = 15.0.27703.2042
MinimumVisualStudioVersion = 10.0.40219.1
Project("{9A19103F-16F7-4668-BE54-9A1E7A4F7556}") = "NF.CLI.ProtocolGenerator", "NF.CLI.ProtocolGenerator\NF.CLI.ProtocolGenerator.csproj", "{523700BA-BE30-4483-A6C0-B3DB0923DE16}"
EndProject
Global
	GlobalSection(SolutionConfigurationPlatforms) = preSolution
		Debug|Any CPU = Debug|Any CPU
		Release|Any CPU = Release|Any CPU
	EndGlobalSection
	GlobalSection(ProjectConfigurationPlatforms) = postSolution
		{523700BA-BE30-4483-A6C0-B3DB0923DE16}.Debug|Any CPU.ActiveCfg = Debug|Any CPU
		{523700BA-BE30-4483-A6C0-B3DB0923DE16}.Debug|Any CPU.Build.0 = Debug|Any CPU
		{523700BA-BE30-4483-A6C0-B3DB0923DE16}.Release|Any CPU.ActiveCfg = Release|Any CPU
		{523700BA-BE30-4483-A6C0-B3DB0923DE16}.Release|Any CPU.Build.0 = Release|Any CPU
	EndGlobalSection
	GlobalSection(SolutionProperties) = preSolution
		HideSolutionNode = FALSE
	EndGlobalSection
	GlobalSection(ExtensibilityGlobals) = postSolution
		SolutionGuid = {2B18A75E-3EEE-457E-910F-C2C07A072B5E}
	EndGlobalSection
EndGlobal
